{
  "version": 4,
  "terraform_version": "1.11.1",
  "serial": 111,
  "lineage": "23547bb0-f050-005e-0fd3-2ca33e5f18a8",
  "outputs": {
    "firewall_url": {
      "value": "http://52.140.98.163:4000",
      "type": "string"
    }
  },
  "resources": [
    {
      "mode": "managed",
      "type": "azurerm_firewall_nat_rule_collection",
      "name": "default",
      "provider": "provider[\"registry.terraform.io/hashicorp/azurerm\"]",
      "instances": [
        {
          "schema_version": 0,
          "attributes": {
            "action": "Dnat",
            "azure_firewall_name": "firewall",
            "id": "/subscriptions/fc4b0a21-cf38-4354-9ee7-f3532dd03c57/resourceGroups/rg/providers/Microsoft.Network/azureFirewalls/firewall/natRuleCollections/firewall-web-rule-collection",
            "name": "firewall-web-rule-collection",
            "priority": 100,
            "resource_group_name": "rg",
            "rule": [
              {
                "description": "",
                "destination_addresses": [
                  "52.140.98.163"
                ],
                "destination_ports": [
                  "4000"
                ],
                "name": "web-rule",
                "protocols": [
                  "TCP"
                ],
                "source_addresses": [
                  "*"
                ],
                "source_ip_groups": [],
                "translated_address": "10.0.2.4",
                "translated_port": "80"
              }
            ],
            "timeouts": null
          },
          "sensitive_attributes": [],
          "private": "eyJlMmJmYjczMC1lY2FhLTExZTYtOGY4OC0zNDM2M2JjN2M0YzAiOnsiY3JlYXRlIjoxODAwMDAwMDAwMDAwLCJkZWxldGUiOjE4MDAwMDAwMDAwMDAsInJlYWQiOjMwMDAwMDAwMDAwMCwidXBkYXRlIjoxODAwMDAwMDAwMDAwfX0=",
          "dependencies": [
            "azurerm_firewall.default",
            "azurerm_linux_virtual_machine.web",
            "azurerm_network_interface.nic",
            "azurerm_public_ip.firewall",
            "azurerm_public_ip.management",
            "azurerm_resource_group.rg",
            "azurerm_subnet.firewall",
            "azurerm_subnet.internal",
            "azurerm_subnet.management",
            "azurerm_virtual_network.vnet"
          ]
        }
      ]
    },
    {
      "mode": "managed",
      "type": "azurerm_resource_group",
      "name": "rg",
      "provider": "provider[\"registry.terraform.io/hashicorp/azurerm\"]",
      "instances": [
        {
          "schema_version": 0,
          "attributes": {
            "id": "/subscriptions/fc4b0a21-cf38-4354-9ee7-f3532dd03c57/resourceGroups/rg",
            "location": "eastus",
            "managed_by": "",
            "name": "rg",
            "tags": null,
            "timeouts": null
          },
          "sensitive_attributes": [],
          "private": "eyJlMmJmYjczMC1lY2FhLTExZTYtOGY4OC0zNDM2M2JjN2M0YzAiOnsiY3JlYXRlIjo1NDAwMDAwMDAwMDAwLCJkZWxldGUiOjU0MDAwMDAwMDAwMDAsInJlYWQiOjMwMDAwMDAwMDAwMCwidXBkYXRlIjo1NDAwMDAwMDAwMDAwfX0="
        }
      ]
    },
    {
      "mode": "managed",
      "type": "azurerm_subnet",
      "name": "firewall",
      "provider": "provider[\"registry.terraform.io/hashicorp/azurerm\"]",
      "instances": [
        {
          "schema_version": 0,
          "attributes": {
            "address_prefixes": [
              "10.0.2.64/26"
            ],
            "default_outbound_access_enabled": true,
            "delegation": [],
            "id": "/subscriptions/fc4b0a21-cf38-4354-9ee7-f3532dd03c57/resourceGroups/rg/providers/Microsoft.Network/virtualNetworks/vnet/subnets/AzureFirewallSubnet",
            "name": "AzureFirewallSubnet",
            "private_endpoint_network_policies": "Disabled",
            "private_link_service_network_policies_enabled": true,
            "resource_group_name": "rg",
            "service_endpoint_policy_ids": [],
            "service_endpoints": [],
            "timeouts": null,
            "virtual_network_name": "vnet"
          },
          "sensitive_attributes": [],
          "private": "eyJlMmJmYjczMC1lY2FhLTExZTYtOGY4OC0zNDM2M2JjN2M0YzAiOnsiY3JlYXRlIjoxODAwMDAwMDAwMDAwLCJkZWxldGUiOjE4MDAwMDAwMDAwMDAsInJlYWQiOjMwMDAwMDAwMDAwMCwidXBkYXRlIjoxODAwMDAwMDAwMDAwfX0=",
          "dependencies": [
            "azurerm_resource_group.rg",
            "azurerm_virtual_network.vnet"
          ]
        }
      ]
    },
    {
      "mode": "managed",
      "type": "azurerm_subnet",
      "name": "internal",
      "provider": "provider[\"registry.terraform.io/hashicorp/azurerm\"]",
      "instances": [
        {
          "schema_version": 0,
          "attributes": {
            "address_prefixes": [
              "10.0.2.0/26"
            ],
            "default_outbound_access_enabled": true,
            "delegation": [],
            "id": "/subscriptions/fc4b0a21-cf38-4354-9ee7-f3532dd03c57/resourceGroups/rg/providers/Microsoft.Network/virtualNetworks/vnet/subnets/internal",
            "name": "internal",
            "private_endpoint_network_policies": "Disabled",
            "private_link_service_network_policies_enabled": true,
            "resource_group_name": "rg",
            "service_endpoint_policy_ids": [],
            "service_endpoints": [],
            "timeouts": null,
            "virtual_network_name": "vnet"
          },
          "sensitive_attributes": [],
          "private": "eyJlMmJmYjczMC1lY2FhLTExZTYtOGY4OC0zNDM2M2JjN2M0YzAiOnsiY3JlYXRlIjoxODAwMDAwMDAwMDAwLCJkZWxldGUiOjE4MDAwMDAwMDAwMDAsInJlYWQiOjMwMDAwMDAwMDAwMCwidXBkYXRlIjoxODAwMDAwMDAwMDAwfX0=",
          "dependencies": [
            "azurerm_resource_group.rg",
            "azurerm_virtual_network.vnet"
          ]
        }
      ]
    },
    {
      "mode": "managed",
      "type": "azurerm_subnet",
      "name": "management",
      "provider": "provider[\"registry.terraform.io/hashicorp/azurerm\"]",
      "instances": [
        {
          "schema_version": 0,
          "attributes": {
            "address_prefixes": [
              "10.0.2.128/26"
            ],
            "default_outbound_access_enabled": true,
            "delegation": [],
            "id": "/subscriptions/fc4b0a21-cf38-4354-9ee7-f3532dd03c57/resourceGroups/rg/providers/Microsoft.Network/virtualNetworks/vnet/subnets/AzureFirewallManagementSubnet",
            "name": "AzureFirewallManagementSubnet",
            "private_endpoint_network_policies": "Disabled",
            "private_link_service_network_policies_enabled": true,
            "resource_group_name": "rg",
            "service_endpoint_policy_ids": [],
            "service_endpoints": [],
            "timeouts": null,
            "virtual_network_name": "vnet"
          },
          "sensitive_attributes": [],
          "private": "eyJlMmJmYjczMC1lY2FhLTExZTYtOGY4OC0zNDM2M2JjN2M0YzAiOnsiY3JlYXRlIjoxODAwMDAwMDAwMDAwLCJkZWxldGUiOjE4MDAwMDAwMDAwMDAsInJlYWQiOjMwMDAwMDAwMDAwMCwidXBkYXRlIjoxODAwMDAwMDAwMDAwfX0=",
          "dependencies": [
            "azurerm_resource_group.rg",
            "azurerm_virtual_network.vnet"
          ]
        }
      ]
    }
  ],
  "check_results": null
}
